
Microsoft Visual Studio Solution File, Format Version 12.00
# Visual Studio Version 17
VisualStudioVersion = 17.1.31911.260
MinimumVisualStudioVersion = 10.0.40219.1
Project("{9A19103F-16F7-4668-BE54-9A1E7A4F7556}") = "Dimentional-LINQ", "Dimentional-LINQ\Dimentional-LINQ.csproj", "{A54640D6-F735-4443-B998-A8563C6DE693}"
EndProject
Project("{FAE04EC0-301F-11D3-BF4B-00C04F79EFBC}") = "Examples", "Examples\Examples.csproj", "{641341BC-6530-4B47-9125-1B982A9AC98D}"
EndProject
Global
	GlobalSection(SolutionConfigurationPlatforms) = preSolution
		Debug|Any CPU = Debug|Any CPU
		Release|Any CPU = Release|Any CPU
	EndGlobalSection
	GlobalSection(ProjectConfigurationPlatforms) = postSolution
		{A54640D6-F735-4443-B998-A8563C6DE693}.Debug|Any CPU.ActiveCfg = Debug|Any CPU
		{A54640D6-F735-4443-B998-A8563C6DE693}.Debug|Any CPU.Build.0 = Debug|Any CPU
		{A54640D6-F735-4443-B998-A8563C6DE693}.Release|Any CPU.ActiveCfg = Release|Any CPU
		{A54640D6-F735-4443-B998-A8563C6DE693}.Release|Any CPU.Build.0 = Release|Any CPU
		{641341BC-6530-4B47-9125-1B982A9AC98D}.Debug|Any CPU.ActiveCfg = Debug|Any CPU
		{641341BC-6530-4B47-9125-1B982A9AC98D}.Debug|Any CPU.Build.0 = Debug|Any CPU
		{641341BC-6530-4B47-9125-1B982A9AC98D}.Release|Any CPU.ActiveCfg = Release|Any CPU
		{641341BC-6530-4B47-9125-1B982A9AC98D}.Release|Any CPU.Build.0 = Release|Any CPU
	EndGlobalSection
	GlobalSection(SolutionProperties) = preSolution
		HideSolutionNode = FALSE
	EndGlobalSection
	GlobalSection(ExtensibilityGlobals) = postSolution
		SolutionGuid = {30EECC2F-5B0A-4973-B0F4-681A60969CB3}
	EndGlobalSection
EndGlobal
